
Microsoft Visual Studio Solution File, Format Version 12.00
# Visual Studio Version 17
VisualStudioVersion = 17.11.35222.181
MinimumVisualStudioVersion = 10.0.40219.1
Project("{FAE04EC0-301F-11D3-BF4B-00C04F79EFBC}") = "GreenCarp", "GreenCarp.csproj", "{58374CAF-34E3-4B3F-B65F-C76A38400D51}"
EndProject
Global
	GlobalSection(SolutionConfigurationPlatforms) = preSolution
		Debug|Any CPU = Debug|Any CPU
		Release|Any CPU = Release|Any CPU
	EndGlobalSection
	GlobalSection(ProjectConfigurationPlatforms) = postSolution
		{58374CAF-34E3-4B3F-B65F-C76A38400D51}.Debug|Any CPU.ActiveCfg = Debug|Any CPU
		{58374CAF-34E3-4B3F-B65F-C76A38400D51}.Debug|Any CPU.Build.0 = Debug|Any CPU
		{58374CAF-34E3-4B3F-B65F-C76A38400D51}.Release|Any CPU.ActiveCfg = Release|Any CPU
		{58374CAF-34E3-4B3F-B65F-C76A38400D51}.Release|Any CPU.Build.0 = Release|Any CPU
	EndGlobalSection
	GlobalSection(SolutionProperties) = preSolution
		HideSolutionNode = FALSE
	EndGlobalSection
	GlobalSection(ExtensibilityGlobals) = postSolution
		SolutionGuid = {873B11F6-3E3B-4835-82FC-D93D1B38A5CF}
	EndGlobalSection
EndGlobal
